{
  "name": "substreams-sink-clickhouse",
  "version": "0.0.2",
  "lockfileVersion": 2,
  "requires": true,
  "packages": {
    "": {
      "name": "substreams-sink-clickhouse",
      "version": "0.0.2",
      "license": "MIT",
      "dependencies": {
        "@sinclair/typebox": "^0.31.17",
        "dotenv": "^16.3.1",
        "prom-client": "^14.2.0",
        "tweetnacl": "^1.0.3",
        "yaml": "^2.3.2"
      },
      "devDependencies": {
        "@tsconfig/recommended": "^1.0.3",
        "bun-types": "^1.0.3",
        "typescript": "^5.2.2"
      }
    },
    "node_modules/@sinclair/typebox": {
      "version": "0.31.17",
      "license": "MIT"
    },
    "node_modules/@tsconfig/recommended": {
      "version": "1.0.3",
      "dev": true,
      "license": "MIT"
    },
    "node_modules/bintrees": {
      "version": "1.0.2",
      "license": "MIT"
    },
    "node_modules/bun-types": {
      "version": "1.0.3",
      "dev": true
    },
    "node_modules/dotenv": {
      "version": "16.3.1",
      "license": "BSD-2-Clause",
      "engines": {
        "node": ">=12"
      },
      "funding": {
        "url": "https://github.com/motdotla/dotenv?sponsor=1"
      }
    },
    "node_modules/prom-client": {
      "version": "14.2.0",
      "license": "Apache-2.0",
      "dependencies": {
        "tdigest": "^0.1.1"
      },
      "engines": {
        "node": ">=10"
      }
    },
    "node_modules/tdigest": {
      "version": "0.1.2",
      "license": "MIT",
      "dependencies": {
        "bintrees": "1.0.2"
      }
    },
    "node_modules/tweetnacl": {
      "version": "1.0.3",
      "license": "Unlicense"
    },
    "node_modules/typescript": {
      "version": "5.2.2",
      "dev": true,
      "license": "Apache-2.0",
      "bin": {
        "tsc": "bin/tsc",
        "tsserver": "bin/tsserver"
      },
      "engines": {
        "node": ">=14.17"
      }
    },
    "node_modules/yaml": {
      "version": "2.3.2",
      "resolved": "https://registry.npmjs.org/yaml/-/yaml-2.3.2.tgz",
      "integrity": "sha512-N/lyzTPaJasoDmfV7YTrYCI0G/3ivm/9wdG0aHuheKowWQwGTsK0Eoiw6utmzAnI6pkJa0DUVygvp3spqqEKXg==",
      "engines": {
        "node": ">= 14"
      }
    }
  },
  "dependencies": {
    "@sinclair/typebox": {
      "version": "0.31.17"
    },
    "@tsconfig/recommended": {
      "version": "1.0.3",
      "dev": true
    },
    "bintrees": {
      "version": "1.0.2"
    },
    "bun-types": {
      "version": "1.0.3",
      "dev": true
    },
    "dotenv": {
      "version": "16.3.1"
    },
    "prom-client": {
      "version": "14.2.0",
      "requires": {
        "tdigest": "^0.1.1"
      }
    },
    "tdigest": {
      "version": "0.1.2",
      "requires": {
        "bintrees": "1.0.2"
      }
    },
    "tweetnacl": {
      "version": "1.0.3"
    },
    "typescript": {
      "version": "5.2.2",
      "dev": true
    },
    "yaml": {
      "version": "2.3.2",
      "resolved": "https://registry.npmjs.org/yaml/-/yaml-2.3.2.tgz",
      "integrity": "sha512-N/lyzTPaJasoDmfV7YTrYCI0G/3ivm/9wdG0aHuheKowWQwGTsK0Eoiw6utmzAnI6pkJa0DUVygvp3spqqEKXg=="
    }
  }
}
